
Microsoft Visual Studio Solution File, Format Version 12.00
# Visual Studio 14
VisualStudioVersion = 14.0.23107.0
MinimumVisualStudioVersion = 10.0.40219.1
Project("{FAE04EC0-301F-11D3-BF4B-00C04F79EFBC}") = "QuestionThree1", "QuestionThree1\QuestionThree1.csproj", "{5D96A5CD-0B41-4E3E-87C4-C6402D325ACC}"
EndProject
Global
	GlobalSection(SolutionConfigurationPlatforms) = preSolution
		Debug|Any CPU = Debug|Any CPU
		Release|Any CPU = Release|Any CPU
	EndGlobalSection
	GlobalSection(ProjectConfigurationPlatforms) = postSolution
		{5D96A5CD-0B41-4E3E-87C4-C6402D325ACC}.Debug|Any CPU.ActiveCfg = Debug|Any CPU
		{5D96A5CD-0B41-4E3E-87C4-C6402D325ACC}.Debug|Any CPU.Build.0 = Debug|Any CPU
		{5D96A5CD-0B41-4E3E-87C4-C6402D325ACC}.Release|Any CPU.ActiveCfg = Release|Any CPU
		{5D96A5CD-0B41-4E3E-87C4-C6402D325ACC}.Release|Any CPU.Build.0 = Release|Any CPU
	EndGlobalSection
	GlobalSection(SolutionProperties) = preSolution
		HideSolutionNode = FALSE
	EndGlobalSection
EndGlobal
